
Microsoft Visual Studio Solution File, Format Version 12.00
# Visual Studio Version 17
VisualStudioVersion = 17.10.35027.167
MinimumVisualStudioVersion = 10.0.40219.1
Project("{FAE04EC0-301F-11D3-BF4B-00C04F79EFBC}") = "LivrariaHenriqueKorp", "LivrariaHenriqueKorp.csproj", "{C3CA7304-157D-4AB6-861D-1C184244B9CB}"
EndProject
Global
	GlobalSection(SolutionConfigurationPlatforms) = preSolution
		Debug|Any CPU = Debug|Any CPU
		Release|Any CPU = Release|Any CPU
	EndGlobalSection
	GlobalSection(ProjectConfigurationPlatforms) = postSolution
		{C3CA7304-157D-4AB6-861D-1C184244B9CB}.Debug|Any CPU.ActiveCfg = Debug|Any CPU
		{C3CA7304-157D-4AB6-861D-1C184244B9CB}.Debug|Any CPU.Build.0 = Debug|Any CPU
		{C3CA7304-157D-4AB6-861D-1C184244B9CB}.Release|Any CPU.ActiveCfg = Release|Any CPU
		{C3CA7304-157D-4AB6-861D-1C184244B9CB}.Release|Any CPU.Build.0 = Release|Any CPU
	EndGlobalSection
	GlobalSection(SolutionProperties) = preSolution
		HideSolutionNode = FALSE
	EndGlobalSection
	GlobalSection(ExtensibilityGlobals) = postSolution
		SolutionGuid = {F4D75675-20D6-4507-A71D-A68FF278B562}
	EndGlobalSection
EndGlobal
